# This file is automatically @generated by Poetry 1.7.1 and should not be changed by hand.

[[package]]
name = "fake-bpy-module"
version = "20240215"
description = "Collection of the fake Blender Python API module for the code completion."
optional = false
python-versions = ">=3.8"
files = [
    {file = "fake-bpy-module-20240215.tar.gz", hash = "sha256:ca8793b35694730a6de4ac57eed7cbc11043cc6ca7daba75d6a5550bd74953d2"},
    {file = "fake_bpy_module-20240215-py3-none-any.whl", hash = "sha256:7e53f968b6567da79b078fcb4b212c5a320fc2c7e127915c5e1db16cad3ab673"},
]

[[package]]
name = "pyperclip"
version = "1.8.2"
description = "A cross-platform clipboard module for Python. (Only handles plain text for now.)"
optional = false
python-versions = "*"
files = [
    {file = "pyperclip-1.8.2.tar.gz", hash = "sha256:105254a8b04934f0bc84e9c24eb360a591aaf6535c9def5f29d92af107a9bf57"},
]

[metadata]
lock-version = "2.0"
python-versions = "^3.12"
content-hash = "3ed36dd029493456640d888c6ceadde3f7ed450e0610917277936257d39810bc"
